
Microsoft Visual Studio Solution File, Format Version 12.00
# Visual Studio Version 17
VisualStudioVersion = 17.8.34330.188
MinimumVisualStudioVersion = 10.0.40219.1
Project("{FAE04EC0-301F-11D3-BF4B-00C04F79EFBC}") = "2307ca2", "2307ca2.csproj", "{5B063207-5872-4404-BDE0-96D24E6E7745}"
EndProject
Global
	GlobalSection(SolutionConfigurationPlatforms) = preSolution
		Debug|Any CPU = Debug|Any CPU
		Release|Any CPU = Release|Any CPU
	EndGlobalSection
	GlobalSection(ProjectConfigurationPlatforms) = postSolution
		{5B063207-5872-4404-BDE0-96D24E6E7745}.Debug|Any CPU.ActiveCfg = Debug|Any CPU
		{5B063207-5872-4404-BDE0-96D24E6E7745}.Debug|Any CPU.Build.0 = Debug|Any CPU
		{5B063207-5872-4404-BDE0-96D24E6E7745}.Release|Any CPU.ActiveCfg = Release|Any CPU
		{5B063207-5872-4404-BDE0-96D24E6E7745}.Release|Any CPU.Build.0 = Release|Any CPU
	EndGlobalSection
	GlobalSection(SolutionProperties) = preSolution
		HideSolutionNode = FALSE
	EndGlobalSection
	GlobalSection(ExtensibilityGlobals) = postSolution
		SolutionGuid = {1114AECB-0963-47A3-96D0-CBFCC5832E7A}
	EndGlobalSection
EndGlobal
